
Microsoft Visual Studio Solution File, Format Version 12.00
# Visual Studio Version 17
VisualStudioVersion = 17.5.002.0
MinimumVisualStudioVersion = 10.0.40219.1
Project("{9A19103F-16F7-4668-BE54-9A1E7A4F7556}") = "CalculadoraIMC", "CalculadoraIMC.csproj", "{0150CD7B-518A-48BC-A8DF-AC07D97BACDA}"
EndProject
Global
	GlobalSection(SolutionConfigurationPlatforms) = preSolution
		Debug|Any CPU = Debug|Any CPU
		Release|Any CPU = Release|Any CPU
	EndGlobalSection
	GlobalSection(ProjectConfigurationPlatforms) = postSolution
		{0150CD7B-518A-48BC-A8DF-AC07D97BACDA}.Debug|Any CPU.ActiveCfg = Debug|Any CPU
		{0150CD7B-518A-48BC-A8DF-AC07D97BACDA}.Debug|Any CPU.Build.0 = Debug|Any CPU
		{0150CD7B-518A-48BC-A8DF-AC07D97BACDA}.Release|Any CPU.ActiveCfg = Release|Any CPU
		{0150CD7B-518A-48BC-A8DF-AC07D97BACDA}.Release|Any CPU.Build.0 = Release|Any CPU
	EndGlobalSection
	GlobalSection(SolutionProperties) = preSolution
		HideSolutionNode = FALSE
	EndGlobalSection
	GlobalSection(ExtensibilityGlobals) = postSolution
		SolutionGuid = {D55E6D90-7D60-4E1F-95E2-8D3C07B72FB2}
	EndGlobalSection
EndGlobal
